
Microsoft Visual Studio Solution File, Format Version 12.00
# Visual Studio Version 16
VisualStudioVersion = 16.0.29519.87
MinimumVisualStudioVersion = 10.0.40219.1
Project("{FAE04EC0-301F-11D3-BF4B-00C04F79EFBC}") = "GrpcServiceExample", "GrpcServiceExample\GrpcServiceExample.csproj", "{F76B1F07-CE69-41DC-A54B-03D2CFBF6C0A}"
EndProject
Project("{FAE04EC0-301F-11D3-BF4B-00C04F79EFBC}") = "Client", "Client\Client.csproj", "{C1516E30-0F58-4A38-A027-397F9D791375}"
EndProject
Global
	GlobalSection(SolutionConfigurationPlatforms) = preSolution
		Debug|Any CPU = Debug|Any CPU
		Release|Any CPU = Release|Any CPU
	EndGlobalSection
	GlobalSection(ProjectConfigurationPlatforms) = postSolution
		{F76B1F07-CE69-41DC-A54B-03D2CFBF6C0A}.Debug|Any CPU.ActiveCfg = Debug|Any CPU
		{F76B1F07-CE69-41DC-A54B-03D2CFBF6C0A}.Debug|Any CPU.Build.0 = Debug|Any CPU
		{F76B1F07-CE69-41DC-A54B-03D2CFBF6C0A}.Release|Any CPU.ActiveCfg = Release|Any CPU
		{F76B1F07-CE69-41DC-A54B-03D2CFBF6C0A}.Release|Any CPU.Build.0 = Release|Any CPU
		{C1516E30-0F58-4A38-A027-397F9D791375}.Debug|Any CPU.ActiveCfg = Debug|Any CPU
		{C1516E30-0F58-4A38-A027-397F9D791375}.Debug|Any CPU.Build.0 = Debug|Any CPU
		{C1516E30-0F58-4A38-A027-397F9D791375}.Release|Any CPU.ActiveCfg = Release|Any CPU
		{C1516E30-0F58-4A38-A027-397F9D791375}.Release|Any CPU.Build.0 = Release|Any CPU
	EndGlobalSection
	GlobalSection(SolutionProperties) = preSolution
		HideSolutionNode = FALSE
	EndGlobalSection
	GlobalSection(ExtensibilityGlobals) = postSolution
		SolutionGuid = {64DFA584-82B4-4E5B-85FF-705786539C4E}
	EndGlobalSection
EndGlobal
